// !$*UTF8*$!
{
	archiveVersion = 1;
	classes = {
	};
	objectVersion = 50;
	objects = {

/* Begin PBXBuildFile section */
		07662402254B55E3002684D1 /* AppDelegate.swift in Sources */ = {isa = PBXBuildFile; fileRef = 07662401254B55E3002684D1 /* AppDelegate.swift */; };
		07662404254B55E3002684D1 /* SceneDelegate.swift in Sources */ = {isa = PBXBuildFile; fileRef = 07662403254B55E3002684D1 /* SceneDelegate.swift */; };
		07662406254B55E3002684D1 /* ViewController.swift in Sources */ = {isa = PBXBuildFile; fileRef = 07662405254B55E3002684D1 /* ViewController.swift */; };
		07662409254B55E3002684D1 /* Main.storyboard in Resources */ = {isa = PBXBuildFile; fileRef = 07662407254B55E3002684D1 /* Main.storyboard */; };
		0766240B254B55E4002684D1 /* Assets.xcassets in Resources */ = {isa = PBXBuildFile; fileRef = 0766240A254B55E4002684D1 /* Assets.xcassets */; };
		0766240E254B55E4002684D1 /* LaunchScreen.storyboard in Resources */ = {isa = PBXBuildFile; fileRef = 0766240C254B55E4002684D1 /* LaunchScreen.storyboard */; };
		077CDD21254D52C9004F7289 /* 4.pdf in Resources */ = {isa = PBXBuildFile; fileRef = 077CDD20254D52C9004F7289 /* 4.pdf */; };
/* End PBXBuildFile section */

/* Begin PBXFileReference section */
		076623FE254B55E3002684D1 /* L18UIWebViewAndUIActivityIndicator.app */ = {isa = PBXFileReference; explicitFileType = wrapper.application; includeInIndex = 0; path = L18UIWebViewAndUIActivityIndicator.app; sourceTree = BUILT_PRODUCTS_DIR; };
		07662401254B55E3002684D1 /* AppDelegate.swift */ = {isa = PBXFileReference; lastKnownFileType = sourcecode.swift; path = AppDelegate.swift; sourceTree = "<group>"; };
		07662403254B55E3002684D1 /* SceneDelegate.swift */ = {isa = PBXFileReference; lastKnownFileType = sourcecode.swift; path = SceneDelegate.swift; sourceTree = "<group>"; };
		07662405254B55E3002684D1 /* ViewController.swift */ = {isa = PBXFileReference; lastKnownFileType = sourcecode.swift; path = ViewController.swift; sourceTree = "<group>"; };
		07662408254B55E3002684D1 /* Base */ = {isa = PBXFileReference; lastKnownFileType = file.storyboard; name = Base; path = Base.lproj/Main.storyboard; sourceTree = "<group>"; };
		0766240A254B55E4002684D1 /* Assets.xcassets */ = {isa = PBXFileReference; lastKnownFileType = folder.assetcatalog; path = Assets.xcassets; sourceTree = "<group>"; };
		0766240D254B55E4002684D1 /* Base */ = {isa = PBXFileReference; lastKnownFileType = file.storyboard; name = Base; path = Base.lproj/LaunchScreen.storyboard; sourceTree = "<group>"; };
		0766240F254B55E4002684D1 /* Info.plist */ = {isa = PBXFileReference; lastKnownFileType = text.plist.xml; path = Info.plist; sourceTree = "<group>"; };
		077CDD20254D52C9004F7289 /* 4.pdf */ = {isa = PBXFileReference; lastKnownFileType = image.pdf; path = 4.pdf; sourceTree = "<group>"; };
/* End PBXFileReference section */

/* Begin PBXFrameworksBuildPhase section */
		076623FB254B55E3002684D1 /* Frameworks */ = {
			isa = PBXFrameworksBuildPhase;
			buildActionMask = 2147483647;
			files = (
			);
			runOnlyForDeploymentPostprocessing = 0;
		};
/* End PBXFrameworksBuildPhase section */

/* Begin PBXGroup section */
		076623F5254B55E3002684D1 = {
			isa = PBXGroup;
			children = (
				07662400254B55E3002684D1 /* L18UIWebViewAndUIActivityIndicator */,
				076623FF254B55E3002684D1 /* Products */,
			);
			sourceTree = "<group>";
		};
		076623FF254B55E3002684D1 /* Products */ = {
			isa = PBXGroup;
			children = (
				076623FE254B55E3002684D1 /* L18UIWebViewAndUIActivityIndicator.app */,
			);
			name = Products;
			sourceTree = "<group>";
		};
		07662400254B55E3002684D1 /* L18UIWebViewAndUIActivityIndicator */ = {
			isa = PBXGroup;
			children = (
				07662401254B55E3002684D1 /* AppDelegate.swift */,
				077CDD20254D52C9004F7289 /* 4.pdf */,
				07662403254B55E3002684D1 /* SceneDelegate.swift */,
				07662405254B55E3002684D1 /* ViewController.swift */,
				07662407254B55E3002684D1 /* Main.storyboard */,
				0766240A254B55E4002684D1 /* Assets.xcassets */,
				0766240C254B55E4002684D1 /* LaunchScreen.storyboard */,
				0766240F254B55E4002684D1 /* Info.plist */,
			);
			path = L18UIWebViewAndUIActivityIndicator;
			sourceTree = "<group>";
		};
/* End PBXGroup section */

/* Begin PBXNativeTarget section */
		076623FD254B55E3002684D1 /* L18UIWebViewAndUIActivityIndicator */ = {
			isa = PBXNativeTarget;
			buildConfigurationList = 07662412254B55E4002684D1 /* Build configuration list for PBXNativeTarget "L18UIWebViewAndUIActivityIndicator" */;
			buildPhases = (
				076623FA254B55E3002684D1 /* Sources */,
				076623FB254B55E3002684D1 /* Frameworks */,
				076623FC254B55E3002684D1 /* Resources */,
			);
			buildRules = (
			);
			dependencies = (
			);
			name = L18UIWebViewAndUIActivityIndicator;
			productName = L18UIWebViewAndUIActivityIndicator;
			productReference = 076623FE254B55E3002684D1 /* L18UIWebViewAndUIActivityIndicator.app */;
			productType = "com.apple.product-type.application";
		};
/* End PBXNativeTarget section */

/* Begin PBXProject section */
		076623F6254B55E3002684D1 /* Project object */ = {
			isa = PBXProject;
			attributes = {
				LastSwiftUpdateCheck = 1200;
				LastUpgradeCheck = 1200;
				TargetAttributes = {
					076623FD254B55E3002684D1 = {
						CreatedOnToolsVersion = 12.0.1;
					};
				};
			};
			buildConfigurationList = 076623F9254B55E3002684D1 /* Build configuration list for PBXProject "L18UIWebViewAndUIActivityIndicator" */;
			compatibilityVersion = "Xcode 9.3";
			developmentRegion = en;
			hasScannedForEncodings = 0;
			knownRegions = (
				en,
				Base,
			);
			mainGroup = 076623F5254B55E3002684D1;
			productRefGroup = 076623FF254B55E3002684D1 /* Products */;
			projectDirPath = "";
			projectRoot = "";
			targets = (
				076623FD254B55E3002684D1 /* L18UIWebViewAndUIActivityIndicator */,
			);
		};
/* End PBXProject section */

/* Begin PBXResourcesBuildPhase section */
		076623FC254B55E3002684D1 /* Resources */ = {
			isa = PBXResourcesBuildPhase;
			buildActionMask = 2147483647;
			files = (
				0766240E254B55E4002684D1 /* LaunchScreen.storyboard in Resources */,
				077CDD21254D52C9004F7289 /* 4.pdf in Resources */,
				0766240B254B55E4002684D1 /* Assets.xcassets in Resources */,
				07662409254B55E3002684D1 /* Main.storyboard in Resources */,
			);
			runOnlyForDeploymentPostprocessing = 0;
		};
/* End PBXResourcesBuildPhase section */

/* Begin PBXSourcesBuildPhase section */
		076623FA254B55E3002684D1 /* Sources */ = {
			isa = PBXSourcesBuildPhase;
			buildActionMask = 2147483647;
			files = (
				07662406254B55E3002684D1 /* ViewController.swift in Sources */,
				07662402254B55E3002684D1 /* AppDelegate.swift in Sources */,
				07662404254B55E3002684D1 /* SceneDelegate.swift in Sources */,
			);
			runOnlyForDeploymentPostprocessing = 0;
		};
/* End PBXSourcesBuildPhase section */

/* Begin PBXVariantGroup section */
		07662407254B55E3002684D1 /* Main.storyboard */ = {
			isa = PBXVariantGroup;
			children = (
				07662408254B55E3002684D1 /* Base */,
			);
			name = Main.storyboard;
			sourceTree = "<group>";
		};
		0766240C254B55E4002684D1 /* LaunchScreen.storyboard */ = {
			isa = PBXVariantGroup;
			children = (
				0766240D254B55E4002684D1 /* Base */,
			);
			name = LaunchScreen.storyboard;
			sourceTree = "<group>";
		};
/* End PBXVariantGroup section */

/* Begin XCBuildConfiguration section */
		07662410254B55E4002684D1 /* Debug */ = {
			isa = XCBuildConfiguration;
			buildSettings = {
				ALWAYS_SEARCH_USER_PATHS = NO;
				CLANG_ANALYZER_NONNULL = YES;
				CLANG_ANALYZER_NUMBER_OBJECT_CONVERSION = YES_AGGRESSIVE;
				CLANG_CXX_LANGUAGE_STANDARD = "gnu++14";
				CLANG_CXX_LIBRARY = "libc++";
				CLANG_ENABLE_MODULES = YES;
				CLANG_ENABLE_OBJC_ARC = YES;
				CLANG_ENABLE_OBJC_WEAK = YES;
				CLANG_WARN_BLOCK_CAPTURE_AUTORELEASING = YES;
				CLANG_WARN_BOOL_CONVERSION = YES;
				CLANG_WARN_COMMA = YES;
				CLANG_WARN_CONSTANT_CONVERSION = YES;
				CLANG_WARN_DEPRECATED_OBJC_IMPLEMENTATIONS = YES;
				CLANG_WARN_DIRECT_OBJC_ISA_USAGE = YES_ERROR;
				CLANG_WARN_DOCUMENTATION_COMMENTS = YES;
				CLANG_WARN_EMPTY_BODY = YES;
				CLANG_WARN_ENUM_CONVERSION = YES;
				CLANG_WARN_INFINITE_RECURSION = YES;
				CLANG_WARN_INT_CONVERSION = YES;
				CLANG_WARN_NON_LITERAL_NULL_CONVERSION = YES;
				CLANG_WARN_OBJC_IMPLICIT_RETAIN_SELF = YES;
				CLANG_WARN_OBJC_LITERAL_CONVERSION = YES;
				CLANG_WARN_OBJC_ROOT_CLASS = YES_ERROR;
				CLANG_WARN_QUOTED_INCLUDE_IN_FRAMEWORK_HEADER = YES;
				CLANG_WARN_RANGE_LOOP_ANALYSIS = YES;
				CLANG_WARN_STRICT_PROTOTYPES = YES;
				CLANG_WARN_SUSPICIOUS_MOVE = YES;
				CLANG_WARN_UNGUARDED_AVAILABILITY = YES_AGGRESSIVE;
				CLANG_WARN_UNREACHABLE_CODE = YES;
				CLANG_WARN__DUPLICATE_METHOD_MATCH = YES;
				COPY_PHASE_STRIP = NO;
				DEBUG_INFORMATION_FORMAT = dwarf;
				ENABLE_STRICT_OBJC_MSGSEND = YES;
				ENABLE_TESTABILITY = YES;
				GCC_C_LANGUAGE_STANDARD = gnu11;
				GCC_DYNAMIC_NO_PIC = NO;
				GCC_NO_COMMON_BLOCKS = YES;
				GCC_OPTIMIZATION_LEVEL = 0;
				GCC_PREPROCESSOR_DEFINITIONS = (
					"DEBUG=1",
					"$(inherited)",
				);
				GCC_WARN_64_TO_32_BIT_CONVERSION = YES;
				GCC_WARN_ABOUT_RETURN_TYPE = YES_ERROR;
				GCC_WARN_UNDECLARED_SELECTOR = YES;
				GCC_WARN_UNINITIALIZED_AUTOS = YES_AGGRESSIVE;
				GCC_WARN_UNUSED_FUNCTION = YES;
				GCC_WARN_UNUSED_VARIABLE = YES;
				IPHONEOS_DEPLOYMENT_TARGET = 14.0;
				MTL_ENABLE_DEBUG_INFO = INCLUDE_SOURCE;
				MTL_FAST_MATH = YES;
				ONLY_ACTIVE_ARCH = YES;
				SDKROOT = iphoneos;
				SWIFT_ACTIVE_COMPILATION_CONDITIONS = DEBUG;
				SWIFT_OPTIMIZATION_LEVEL = "-Onone";
			};
			name = Debug;
		};
		07662411254B55E4002684D1 /* Release */ = {
			isa = XCBuildConfiguration;
			buildSettings = {
				ALWAYS_SEARCH_USER_PATHS = NO;
				CLANG_ANALYZER_NONNULL = YES;
				CLANG_ANALYZER_NUMBER_OBJECT_CONVERSION = YES_AGGRESSIVE;
				CLANG_CXX_LANGUAGE_STANDARD = "gnu++14";
				CLANG_CXX_LIBRARY = "libc++";
				CLANG_ENABLE_MODULES = YES;
				CLANG_ENABLE_OBJC_ARC = YES;
				CLANG_ENABLE_OBJC_WEAK = YES;
				CLANG_WARN_BLOCK_CAPTURE_AUTORELEASING = YES;
				CLANG_WARN_BOOL_CONVERSION = YES;
				CLANG_WARN_COMMA = YES;
				CLANG_WARN_CONSTANT_CONVERSION = YES;
				CLANG_WARN_DEPRECATED_OBJC_IMPLEMENTATIONS = YES;
				CLANG_WARN_DIRECT_OBJC_ISA_USAGE = YES_ERROR;
				CLANG_WARN_DOCUMENTATION_COMMENTS = YES;
				CLANG_WARN_EMPTY_BODY = YES;
				CLANG_WARN_ENUM_CONVERSION = YES;
				CLANG_WARN_INFINITE_RECURSION = YES;
				CLANG_WARN_INT_CONVERSION = YES;
				CLANG_WARN_NON_LITERAL_NULL_CONVERSION = YES;
				CLANG_WARN_OBJC_IMPLICIT_RETAIN_SELF = YES;
				CLANG_WARN_OBJC_LITERAL_CONVERSION = YES;
				CLANG_WARN_OBJC_ROOT_CLASS = YES_ERROR;
				CLANG_WARN_QUOTED_INCLUDE_IN_FRAMEWORK_HEADER = YES;
				CLANG_WARN_RANGE_LOOP_ANALYSIS = YES;
				CLANG_WARN_STRICT_PROTOTYPES = YES;
				CLANG_WARN_SUSPICIOUS_MOVE = YES;
				CLANG_WARN_UNGUARDED_AVAILABILITY = YES_AGGRESSIVE;
				CLANG_WARN_UNREACHABLE_CODE = YES;
				CLANG_WARN__DUPLICATE_METHOD_MATCH = YES;
				COPY_PHASE_STRIP = NO;
				DEBUG_INFORMATION_FORMAT = "dwarf-with-dsym";
				ENABLE_NS_ASSERTIONS = NO;
				ENABLE_STRICT_OBJC_MSGSEND = YES;
				GCC_C_LANGUAGE_STANDARD = gnu11;
				GCC_NO_COMMON_BLOCKS = YES;
				GCC_WARN_64_TO_32_BIT_CONVERSION = YES;
				GCC_WARN_ABOUT_RETURN_TYPE = YES_ERROR;
				GCC_WARN_UNDECLARED_SELECTOR = YES;
				GCC_WARN_UNINITIALIZED_AUTOS = YES_AGGRESSIVE;
				GCC_WARN_UNUSED_FUNCTION = YES;
				GCC_WARN_UNUSED_VARIABLE = YES;
				IPHONEOS_DEPLOYMENT_TARGET = 14.0;
				MTL_ENABLE_DEBUG_INFO = NO;
				MTL_FAST_MATH = YES;
				SDKROOT = iphoneos;
				SWIFT_COMPILATION_MODE = wholemodule;
				SWIFT_OPTIMIZATION_LEVEL = "-O";
				VALIDATE_PRODUCT = YES;
			};
			name = Release;
		};
		07662413254B55E4002684D1 /* Debug */ = {
			isa = XCBuildConfiguration;
			buildSettings = {
				ASSETCATALOG_COMPILER_APPICON_NAME = AppIcon;
				ASSETCATALOG_COMPILER_GLOBAL_ACCENT_COLOR_NAME = AccentColor;
				CODE_SIGN_STYLE = Automatic;
				INFOPLIST_FILE = L18UIWebViewAndUIActivityIndicator/Info.plist;
				LD_RUNPATH_SEARCH_PATHS = (
					"$(inherited)",
					"@executable_path/Frameworks",
				);
				PRODUCT_BUNDLE_IDENTIFIER = ru.alekseev.ios.L18UIWebViewAndUIActivityIndicator;
				PRODUCT_NAME = "$(TARGET_NAME)";
				SWIFT_VERSION = 5.0;
				TARGETED_DEVICE_FAMILY = "1,2";
			};
			name = Debug;
		};
		07662414254B55E4002684D1 /* Release */ = {
			isa = XCBuildConfiguration;
			buildSettings = {
				ASSETCATALOG_COMPILER_APPICON_NAME = AppIcon;
				ASSETCATALOG_COMPILER_GLOBAL_ACCENT_COLOR_NAME = AccentColor;
				CODE_SIGN_STYLE = Automatic;
				INFOPLIST_FILE = L18UIWebViewAndUIActivityIndicator/Info.plist;
				LD_RUNPATH_SEARCH_PATHS = (
					"$(inherited)",
					"@executable_path/Frameworks",
				);
				PRODUCT_BUNDLE_IDENTIFIER = ru.alekseev.ios.L18UIWebViewAndUIActivityIndicator;
				PRODUCT_NAME = "$(TARGET_NAME)";
				SWIFT_VERSION = 5.0;
				TARGETED_DEVICE_FAMILY = "1,2";
			};
			name = Release;
		};
/* End XCBuildConfiguration section */

/* Begin XCConfigurationList section */
		076623F9254B55E3002684D1 /* Build configuration list for PBXProject "L18UIWebViewAndUIActivityIndicator" */ = {
			isa = XCConfigurationList;
			buildConfigurations = (
				07662410254B55E4002684D1 /* Debug */,
				07662411254B55E4002684D1 /* Release */,
			);
			defaultConfigurationIsVisible = 0;
			defaultConfigurationName = Release;
		};
		07662412254B55E4002684D1 /* Build configuration list for PBXNativeTarget "L18UIWebViewAndUIActivityIndicator" */ = {
			isa = XCConfigurationList;
			buildConfigurations = (
				07662413254B55E4002684D1 /* Debug */,
				07662414254B55E4002684D1 /* Release */,
			);
			defaultConfigurationIsVisible = 0;
			defaultConfigurationName = Release;
		};
/* End XCConfigurationList section */
	};
	rootObject = 076623F6254B55E3002684D1 /* Project object */;
}
